
Microsoft Visual Studio Solution File, Format Version 12.00
# Visual Studio Version 17
VisualStudioVersion = 17.6.33829.357
MinimumVisualStudioVersion = 10.0.40219.1
Project("{FAE04EC0-301F-11D3-BF4B-00C04F79EFBC}") = "ExercicioDeFixacao-1EstruturaSequencial", "ExercicioDeFixacao-1EstruturaSequencial\ExercicioDeFixacao-1EstruturaSequencial.csproj", "{E028CA5E-142C-4DD6-8A89-4F9789F27464}"
EndProject
Global
	GlobalSection(SolutionConfigurationPlatforms) = preSolution
		Debug|Any CPU = Debug|Any CPU
		Release|Any CPU = Release|Any CPU
	EndGlobalSection
	GlobalSection(ProjectConfigurationPlatforms) = postSolution
		{E028CA5E-142C-4DD6-8A89-4F9789F27464}.Debug|Any CPU.ActiveCfg = Debug|Any CPU
		{E028CA5E-142C-4DD6-8A89-4F9789F27464}.Debug|Any CPU.Build.0 = Debug|Any CPU
		{E028CA5E-142C-4DD6-8A89-4F9789F27464}.Release|Any CPU.ActiveCfg = Release|Any CPU
		{E028CA5E-142C-4DD6-8A89-4F9789F27464}.Release|Any CPU.Build.0 = Release|Any CPU
	EndGlobalSection
	GlobalSection(SolutionProperties) = preSolution
		HideSolutionNode = FALSE
	EndGlobalSection
	GlobalSection(ExtensibilityGlobals) = postSolution
		SolutionGuid = {957D765F-C725-4B68-9034-F4320C51E783}
	EndGlobalSection
EndGlobal
